
Microsoft Visual Studio Solution File, Format Version 12.00
Project("{2150E333-8FDC-42A3-9474-1A3956D46DE8}") = "0.Tests", "0.Tests", "{7BF0EA24-BD1C-4A9A-8667-11D4D9D7A1E2}"
EndProject
Project("{2150E333-8FDC-42A3-9474-1A3956D46DE8}") = "1.Ui", "1.Ui", "{FDC8E721-C446-498B-98C3-7455A4F223B4}"
EndProject
Project("{2150E333-8FDC-42A3-9474-1A3956D46DE8}") = "2.App", "2.App", "{41FBCD7F-5707-4261-8F97-F8EC3B2C0CB0}"
EndProject
Project("{2150E333-8FDC-42A3-9474-1A3956D46DE8}") = "3.Domain", "3.Domain", "{013D84C0-0682-4C95-9A06-1B09AE211EB7}"
EndProject
Project("{2150E333-8FDC-42A3-9474-1A3956D46DE8}") = "4.DataAccess", "4.DataAccess", "{426A5DE0-7107-4B6D-AAC2-CF41E9793B39}"
EndProject
Project("{2150E333-8FDC-42A3-9474-1A3956D46DE8}") = "5.Infrastructure", "5.Infrastructure", "{A1CB7B63-10AD-41DB-A9E8-F70E76653C45}"
EndProject
Project("{FAE04EC0-301F-11D3-BF4B-00C04F79EFBC}") = "Shell", "1.Ui\Shell\Shell.csproj", "{B1116982-8A22-4243-8950-F5032E156116}"
EndProject
Project("{FAE04EC0-301F-11D3-BF4B-00C04F79EFBC}") = "Entities", "4.DataAccess\Entities\Entities.csproj", "{FC2CF084-D80B-4DE4-B1E5-F2C3764AE306}"
EndProject
Project("{FAE04EC0-301F-11D3-BF4B-00C04F79EFBC}") = "BaseComponents", "5.Infrastructure\BaseComponents\BaseComponents.csproj", "{BA16D732-40A7-46B9-A652-E6F673298A33}"
EndProject
Project("{FAE04EC0-301F-11D3-BF4B-00C04F79EFBC}") = "BaseExtensions", "5.Infrastructure\BaseExtensions\BaseExtensions.csproj", "{78664DB8-DB5E-4B38-8D85-BFBE46346DB6}"
EndProject
Project("{FAE04EC0-301F-11D3-BF4B-00C04F79EFBC}") = "Phrases", "5.Infrastructure\Phrases\Phrases.csproj", "{7FAA95DD-45D3-4085-B348-9B0620F01C83}"
EndProject
Project("{2150E333-8FDC-42A3-9474-1A3956D46DE8}") = "WpfModule", "WpfModule", "{8BE3010A-9231-4A80-83F2-69B9C9BD8571}"
EndProject
Project("{FAE04EC0-301F-11D3-BF4B-00C04F79EFBC}") = "Components", "5.Infrastructure\WpfModule\Components\Components.csproj", "{B42C8A0D-0652-488D-8830-BBF3B15BE82A}"
EndProject
Project("{FAE04EC0-301F-11D3-BF4B-00C04F79EFBC}") = "ViewModels", "2.App\ViewModels\ViewModels.csproj", "{248733F0-8017-4FC1-B883-7E76C7049C97}"
EndProject
Project("{FAE04EC0-301F-11D3-BF4B-00C04F79EFBC}") = "Models", "3.Domain\Models\Models.csproj", "{39EB5680-4A75-44D4-BB57-CE49F4E982DA}"
EndProject
Project("{2150E333-8FDC-42A3-9474-1A3956D46DE8}") = "AppComponents", "AppComponents", "{9CFAE3D3-7373-4BA8-83EB-C9C3C35D0F4E}"
EndProject
Project("{FAE04EC0-301F-11D3-BF4B-00C04F79EFBC}") = "Resources", "5.Infrastructure\AppComponents\Resources\Resources.csproj", "{28ADF032-483F-4F6E-84D3-C2CCCCC4F73F}"
EndProject
Project("{FAE04EC0-301F-11D3-BF4B-00C04F79EFBC}") = "Repositories", "4.DataAccess\Repositories\Repositories.csproj", "{D469DCCC-4743-49C1-BCAD-CB6AB7BEF4E0}"
EndProject
Project("{FAE04EC0-301F-11D3-BF4B-00C04F79EFBC}") = "CommonStyles", "5.Infrastructure\WpfModule\CommonStyles\CommonStyles.csproj", "{91E1EFEA-82AF-460D-8B08-E8E182DB541F}"
EndProject
Project("{FAE04EC0-301F-11D3-BF4B-00C04F79EFBC}") = "Controls", "5.Infrastructure\WpfModule\Controls\Controls.csproj", "{A4D340CB-9187-4AEB-880E-454D35CE0A80}"
EndProject
Project("{FAE04EC0-301F-11D3-BF4B-00C04F79EFBC}") = "AppExceptions", "5.Infrastructure\AppComponents\AppExceptions\AppExceptions.csproj", "{450AC92B-4DD4-405B-84E8-F39D2A66950C}"
EndProject
Project("{FAE04EC0-301F-11D3-BF4B-00C04F79EFBC}") = "Extensions", "5.Infrastructure\WpfModule\Extensions\Extensions.csproj", "{21EF279F-0AEB-4D46-9BBA-C63A7AA6233C}"
EndProject
Project("{FAE04EC0-301F-11D3-BF4B-00C04F79EFBC}") = "Ui", "5.Infrastructure\WpfModule\Ui\Ui.csproj", "{7725EED6-2D87-4626-8A5C-38A64693AED4}"
EndProject
Project("{FAE04EC0-301F-11D3-BF4B-00C04F79EFBC}") = "App.Tests", "0.Tests\App.Tests\App.Tests.csproj", "{85AF6494-0B63-457A-8D4A-0B0753B4DCCE}"
EndProject
Global
	GlobalSection(SolutionConfigurationPlatforms) = preSolution
		Debug|Any CPU = Debug|Any CPU
		Release|Any CPU = Release|Any CPU
	EndGlobalSection
	GlobalSection(ProjectConfigurationPlatforms) = postSolution
		{B1116982-8A22-4243-8950-F5032E156116}.Debug|Any CPU.ActiveCfg = Debug|Any CPU
		{B1116982-8A22-4243-8950-F5032E156116}.Debug|Any CPU.Build.0 = Debug|Any CPU
		{B1116982-8A22-4243-8950-F5032E156116}.Release|Any CPU.ActiveCfg = Release|Any CPU
		{B1116982-8A22-4243-8950-F5032E156116}.Release|Any CPU.Build.0 = Release|Any CPU
		{FC2CF084-D80B-4DE4-B1E5-F2C3764AE306}.Debug|Any CPU.ActiveCfg = Debug|Any CPU
		{FC2CF084-D80B-4DE4-B1E5-F2C3764AE306}.Debug|Any CPU.Build.0 = Debug|Any CPU
		{FC2CF084-D80B-4DE4-B1E5-F2C3764AE306}.Release|Any CPU.ActiveCfg = Release|Any CPU
		{FC2CF084-D80B-4DE4-B1E5-F2C3764AE306}.Release|Any CPU.Build.0 = Release|Any CPU
		{BA16D732-40A7-46B9-A652-E6F673298A33}.Debug|Any CPU.ActiveCfg = Debug|Any CPU
		{BA16D732-40A7-46B9-A652-E6F673298A33}.Debug|Any CPU.Build.0 = Debug|Any CPU
		{BA16D732-40A7-46B9-A652-E6F673298A33}.Release|Any CPU.ActiveCfg = Release|Any CPU
		{BA16D732-40A7-46B9-A652-E6F673298A33}.Release|Any CPU.Build.0 = Release|Any CPU
		{78664DB8-DB5E-4B38-8D85-BFBE46346DB6}.Debug|Any CPU.ActiveCfg = Debug|Any CPU
		{78664DB8-DB5E-4B38-8D85-BFBE46346DB6}.Debug|Any CPU.Build.0 = Debug|Any CPU
		{78664DB8-DB5E-4B38-8D85-BFBE46346DB6}.Release|Any CPU.ActiveCfg = Release|Any CPU
		{78664DB8-DB5E-4B38-8D85-BFBE46346DB6}.Release|Any CPU.Build.0 = Release|Any CPU
		{7FAA95DD-45D3-4085-B348-9B0620F01C83}.Debug|Any CPU.ActiveCfg = Debug|Any CPU
		{7FAA95DD-45D3-4085-B348-9B0620F01C83}.Debug|Any CPU.Build.0 = Debug|Any CPU
		{7FAA95DD-45D3-4085-B348-9B0620F01C83}.Release|Any CPU.ActiveCfg = Release|Any CPU
		{7FAA95DD-45D3-4085-B348-9B0620F01C83}.Release|Any CPU.Build.0 = Release|Any CPU
		{B42C8A0D-0652-488D-8830-BBF3B15BE82A}.Debug|Any CPU.ActiveCfg = Debug|Any CPU
		{B42C8A0D-0652-488D-8830-BBF3B15BE82A}.Debug|Any CPU.Build.0 = Debug|Any CPU
		{B42C8A0D-0652-488D-8830-BBF3B15BE82A}.Release|Any CPU.ActiveCfg = Release|Any CPU
		{B42C8A0D-0652-488D-8830-BBF3B15BE82A}.Release|Any CPU.Build.0 = Release|Any CPU
		{248733F0-8017-4FC1-B883-7E76C7049C97}.Debug|Any CPU.ActiveCfg = Debug|Any CPU
		{248733F0-8017-4FC1-B883-7E76C7049C97}.Debug|Any CPU.Build.0 = Debug|Any CPU
		{248733F0-8017-4FC1-B883-7E76C7049C97}.Release|Any CPU.ActiveCfg = Release|Any CPU
		{248733F0-8017-4FC1-B883-7E76C7049C97}.Release|Any CPU.Build.0 = Release|Any CPU
		{39EB5680-4A75-44D4-BB57-CE49F4E982DA}.Debug|Any CPU.ActiveCfg = Debug|Any CPU
		{39EB5680-4A75-44D4-BB57-CE49F4E982DA}.Debug|Any CPU.Build.0 = Debug|Any CPU
		{39EB5680-4A75-44D4-BB57-CE49F4E982DA}.Release|Any CPU.ActiveCfg = Release|Any CPU
		{39EB5680-4A75-44D4-BB57-CE49F4E982DA}.Release|Any CPU.Build.0 = Release|Any CPU
		{28ADF032-483F-4F6E-84D3-C2CCCCC4F73F}.Debug|Any CPU.ActiveCfg = Debug|Any CPU
		{28ADF032-483F-4F6E-84D3-C2CCCCC4F73F}.Debug|Any CPU.Build.0 = Debug|Any CPU
		{28ADF032-483F-4F6E-84D3-C2CCCCC4F73F}.Release|Any CPU.ActiveCfg = Release|Any CPU
		{28ADF032-483F-4F6E-84D3-C2CCCCC4F73F}.Release|Any CPU.Build.0 = Release|Any CPU
		{D469DCCC-4743-49C1-BCAD-CB6AB7BEF4E0}.Debug|Any CPU.ActiveCfg = Debug|Any CPU
		{D469DCCC-4743-49C1-BCAD-CB6AB7BEF4E0}.Debug|Any CPU.Build.0 = Debug|Any CPU
		{D469DCCC-4743-49C1-BCAD-CB6AB7BEF4E0}.Release|Any CPU.ActiveCfg = Release|Any CPU
		{D469DCCC-4743-49C1-BCAD-CB6AB7BEF4E0}.Release|Any CPU.Build.0 = Release|Any CPU
		{91E1EFEA-82AF-460D-8B08-E8E182DB541F}.Debug|Any CPU.ActiveCfg = Debug|Any CPU
		{91E1EFEA-82AF-460D-8B08-E8E182DB541F}.Debug|Any CPU.Build.0 = Debug|Any CPU
		{91E1EFEA-82AF-460D-8B08-E8E182DB541F}.Release|Any CPU.ActiveCfg = Release|Any CPU
		{91E1EFEA-82AF-460D-8B08-E8E182DB541F}.Release|Any CPU.Build.0 = Release|Any CPU
		{A4D340CB-9187-4AEB-880E-454D35CE0A80}.Debug|Any CPU.ActiveCfg = Debug|Any CPU
		{A4D340CB-9187-4AEB-880E-454D35CE0A80}.Debug|Any CPU.Build.0 = Debug|Any CPU
		{A4D340CB-9187-4AEB-880E-454D35CE0A80}.Release|Any CPU.ActiveCfg = Release|Any CPU
		{A4D340CB-9187-4AEB-880E-454D35CE0A80}.Release|Any CPU.Build.0 = Release|Any CPU
		{450AC92B-4DD4-405B-84E8-F39D2A66950C}.Debug|Any CPU.ActiveCfg = Debug|Any CPU
		{450AC92B-4DD4-405B-84E8-F39D2A66950C}.Debug|Any CPU.Build.0 = Debug|Any CPU
		{450AC92B-4DD4-405B-84E8-F39D2A66950C}.Release|Any CPU.ActiveCfg = Release|Any CPU
		{450AC92B-4DD4-405B-84E8-F39D2A66950C}.Release|Any CPU.Build.0 = Release|Any CPU
		{21EF279F-0AEB-4D46-9BBA-C63A7AA6233C}.Debug|Any CPU.ActiveCfg = Debug|Any CPU
		{21EF279F-0AEB-4D46-9BBA-C63A7AA6233C}.Debug|Any CPU.Build.0 = Debug|Any CPU
		{21EF279F-0AEB-4D46-9BBA-C63A7AA6233C}.Release|Any CPU.ActiveCfg = Release|Any CPU
		{21EF279F-0AEB-4D46-9BBA-C63A7AA6233C}.Release|Any CPU.Build.0 = Release|Any CPU
		{7725EED6-2D87-4626-8A5C-38A64693AED4}.Debug|Any CPU.ActiveCfg = Debug|Any CPU
		{7725EED6-2D87-4626-8A5C-38A64693AED4}.Debug|Any CPU.Build.0 = Debug|Any CPU
		{7725EED6-2D87-4626-8A5C-38A64693AED4}.Release|Any CPU.ActiveCfg = Release|Any CPU
		{7725EED6-2D87-4626-8A5C-38A64693AED4}.Release|Any CPU.Build.0 = Release|Any CPU
		{85AF6494-0B63-457A-8D4A-0B0753B4DCCE}.Debug|Any CPU.ActiveCfg = Debug|Any CPU
		{85AF6494-0B63-457A-8D4A-0B0753B4DCCE}.Debug|Any CPU.Build.0 = Debug|Any CPU
		{85AF6494-0B63-457A-8D4A-0B0753B4DCCE}.Release|Any CPU.ActiveCfg = Release|Any CPU
		{85AF6494-0B63-457A-8D4A-0B0753B4DCCE}.Release|Any CPU.Build.0 = Release|Any CPU
	EndGlobalSection
	GlobalSection(NestedProjects) = preSolution
		{B1116982-8A22-4243-8950-F5032E156116} = {FDC8E721-C446-498B-98C3-7455A4F223B4}
		{FC2CF084-D80B-4DE4-B1E5-F2C3764AE306} = {426A5DE0-7107-4B6D-AAC2-CF41E9793B39}
		{BA16D732-40A7-46B9-A652-E6F673298A33} = {A1CB7B63-10AD-41DB-A9E8-F70E76653C45}
		{78664DB8-DB5E-4B38-8D85-BFBE46346DB6} = {A1CB7B63-10AD-41DB-A9E8-F70E76653C45}
		{7FAA95DD-45D3-4085-B348-9B0620F01C83} = {A1CB7B63-10AD-41DB-A9E8-F70E76653C45}
		{8BE3010A-9231-4A80-83F2-69B9C9BD8571} = {A1CB7B63-10AD-41DB-A9E8-F70E76653C45}
		{B42C8A0D-0652-488D-8830-BBF3B15BE82A} = {8BE3010A-9231-4A80-83F2-69B9C9BD8571}
		{248733F0-8017-4FC1-B883-7E76C7049C97} = {41FBCD7F-5707-4261-8F97-F8EC3B2C0CB0}
		{39EB5680-4A75-44D4-BB57-CE49F4E982DA} = {013D84C0-0682-4C95-9A06-1B09AE211EB7}
		{9CFAE3D3-7373-4BA8-83EB-C9C3C35D0F4E} = {A1CB7B63-10AD-41DB-A9E8-F70E76653C45}
		{28ADF032-483F-4F6E-84D3-C2CCCCC4F73F} = {9CFAE3D3-7373-4BA8-83EB-C9C3C35D0F4E}
		{D469DCCC-4743-49C1-BCAD-CB6AB7BEF4E0} = {426A5DE0-7107-4B6D-AAC2-CF41E9793B39}
		{91E1EFEA-82AF-460D-8B08-E8E182DB541F} = {8BE3010A-9231-4A80-83F2-69B9C9BD8571}
		{A4D340CB-9187-4AEB-880E-454D35CE0A80} = {8BE3010A-9231-4A80-83F2-69B9C9BD8571}
		{450AC92B-4DD4-405B-84E8-F39D2A66950C} = {9CFAE3D3-7373-4BA8-83EB-C9C3C35D0F4E}
		{21EF279F-0AEB-4D46-9BBA-C63A7AA6233C} = {8BE3010A-9231-4A80-83F2-69B9C9BD8571}
		{7725EED6-2D87-4626-8A5C-38A64693AED4} = {8BE3010A-9231-4A80-83F2-69B9C9BD8571}
		{85AF6494-0B63-457A-8D4A-0B0753B4DCCE} = {7BF0EA24-BD1C-4A9A-8667-11D4D9D7A1E2}
	EndGlobalSection
EndGlobal
